// !$*UTF8*$!
{
	archiveVersion = 1;
	classes = {
	};
	objectVersion = 46;
	objects = {

/* Begin PBXBuildFile section */
		530B33951F67C0000098C31F /* AppDelegate.swift in Sources */ = {isa = PBXBuildFile; fileRef = 530B33941F67C0000098C31F /* AppDelegate.swift */; };
		530B33971F67C0000098C31F /* RedViewController.swift in Sources */ = {isa = PBXBuildFile; fileRef = 530B33961F67C0000098C31F /* RedViewController.swift */; };
		530B339A1F67C0000098C31F /* Main.storyboard in Resources */ = {isa = PBXBuildFile; fileRef = 530B33981F67C0000098C31F /* Main.storyboard */; };
		530B339C1F67C0000098C31F /* Assets.xcassets in Resources */ = {isa = PBXBuildFile; fileRef = 530B339B1F67C0000098C31F /* Assets.xcassets */; };
		530B339F1F67C0000098C31F /* LaunchScreen.storyboard in Resources */ = {isa = PBXBuildFile; fileRef = 530B339D1F67C0000098C31F /* LaunchScreen.storyboard */; };
		530B33A71F67C4310098C31F /* OrangeViewController.swift in Sources */ = {isa = PBXBuildFile; fileRef = 530B33A61F67C4310098C31F /* OrangeViewController.swift */; };
		530B33A91F67C4610098C31F /* GreenViewController.swift in Sources */ = {isa = PBXBuildFile; fileRef = 530B33A81F67C4610098C31F /* GreenViewController.swift */; };
		530B33AB1F67C4750098C31F /* YellowViewController.swift in Sources */ = {isa = PBXBuildFile; fileRef = 530B33AA1F67C4750098C31F /* YellowViewController.swift */; };
		530B33AD1F67C48D0098C31F /* BlueViewController.swift in Sources */ = {isa = PBXBuildFile; fileRef = 530B33AC1F67C48D0098C31F /* BlueViewController.swift */; };
/* End PBXBuildFile section */

/* Begin PBXFileReference section */
		530B33911F67C0000098C31F /* RainbowTabs.app */ = {isa = PBXFileReference; explicitFileType = wrapper.application; includeInIndex = 0; path = RainbowTabs.app; sourceTree = BUILT_PRODUCTS_DIR; };
		530B33941F67C0000098C31F /* AppDelegate.swift */ = {isa = PBXFileReference; lastKnownFileType = sourcecode.swift; path = AppDelegate.swift; sourceTree = "<group>"; };
		530B33961F67C0000098C31F /* RedViewController.swift */ = {isa = PBXFileReference; lastKnownFileType = sourcecode.swift; path = RedViewController.swift; sourceTree = "<group>"; };
		530B33991F67C0000098C31F /* Base */ = {isa = PBXFileReference; lastKnownFileType = file.storyboard; name = Base; path = Base.lproj/Main.storyboard; sourceTree = "<group>"; };
		530B339B1F67C0000098C31F /* Assets.xcassets */ = {isa = PBXFileReference; lastKnownFileType = folder.assetcatalog; path = Assets.xcassets; sourceTree = "<group>"; };
		530B339E1F67C0000098C31F /* Base */ = {isa = PBXFileReference; lastKnownFileType = file.storyboard; name = Base; path = Base.lproj/LaunchScreen.storyboard; sourceTree = "<group>"; };
		530B33A01F67C0000098C31F /* Info.plist */ = {isa = PBXFileReference; lastKnownFileType = text.plist.xml; path = Info.plist; sourceTree = "<group>"; };
		530B33A61F67C4310098C31F /* OrangeViewController.swift */ = {isa = PBXFileReference; fileEncoding = 4; lastKnownFileType = sourcecode.swift; path = OrangeViewController.swift; sourceTree = "<group>"; };
		530B33A81F67C4610098C31F /* GreenViewController.swift */ = {isa = PBXFileReference; fileEncoding = 4; lastKnownFileType = sourcecode.swift; path = GreenViewController.swift; sourceTree = "<group>"; };
		530B33AA1F67C4750098C31F /* YellowViewController.swift */ = {isa = PBXFileReference; fileEncoding = 4; lastKnownFileType = sourcecode.swift; path = YellowViewController.swift; sourceTree = "<group>"; };
		530B33AC1F67C48D0098C31F /* BlueViewController.swift */ = {isa = PBXFileReference; fileEncoding = 4; lastKnownFileType = sourcecode.swift; path = BlueViewController.swift; sourceTree = "<group>"; };
/* End PBXFileReference section */

/* Begin PBXFrameworksBuildPhase section */
		530B338E1F67C0000098C31F /* Frameworks */ = {
			isa = PBXFrameworksBuildPhase;
			buildActionMask = 2147483647;
			files = (
			);
			runOnlyForDeploymentPostprocessing = 0;
		};
/* End PBXFrameworksBuildPhase section */

/* Begin PBXGroup section */
		530B33881F67C0000098C31F = {
			isa = PBXGroup;
			children = (
				530B33931F67C0000098C31F /* RainbowTabs */,
				530B33921F67C0000098C31F /* Products */,
			);
			sourceTree = "<group>";
		};
		530B33921F67C0000098C31F /* Products */ = {
			isa = PBXGroup;
			children = (
				530B33911F67C0000098C31F /* RainbowTabs.app */,
			);
			name = Products;
			sourceTree = "<group>";
		};
		530B33931F67C0000098C31F /* RainbowTabs */ = {
			isa = PBXGroup;
			children = (
				530B33941F67C0000098C31F /* AppDelegate.swift */,
				530B33961F67C0000098C31F /* RedViewController.swift */,
				530B33981F67C0000098C31F /* Main.storyboard */,
				530B33AC1F67C48D0098C31F /* BlueViewController.swift */,
				530B33AA1F67C4750098C31F /* YellowViewController.swift */,
				530B33A61F67C4310098C31F /* OrangeViewController.swift */,
				530B33A81F67C4610098C31F /* GreenViewController.swift */,
				530B339B1F67C0000098C31F /* Assets.xcassets */,
				530B339D1F67C0000098C31F /* LaunchScreen.storyboard */,
				530B33A01F67C0000098C31F /* Info.plist */,
			);
			path = RainbowTabs;
			sourceTree = "<group>";
		};
/* End PBXGroup section */

/* Begin PBXNativeTarget section */
		530B33901F67C0000098C31F /* RainbowTabs */ = {
			isa = PBXNativeTarget;
			buildConfigurationList = 530B33A31F67C0000098C31F /* Build configuration list for PBXNativeTarget "RainbowTabs" */;
			buildPhases = (
				530B338D1F67C0000098C31F /* Sources */,
				530B338E1F67C0000098C31F /* Frameworks */,
				530B338F1F67C0000098C31F /* Resources */,
			);
			buildRules = (
			);
			dependencies = (
			);
			name = RainbowTabs;
			productName = RainbowTabs;
			productReference = 530B33911F67C0000098C31F /* RainbowTabs.app */;
			productType = "com.apple.product-type.application";
		};
/* End PBXNativeTarget section */

/* Begin PBXProject section */
		530B33891F67C0000098C31F /* Project object */ = {
			isa = PBXProject;
			attributes = {
				LastSwiftUpdateCheck = 0830;
				LastUpgradeCheck = 0830;
				ORGANIZATIONNAME = "Goran Brlas";
				TargetAttributes = {
					530B33901F67C0000098C31F = {
						CreatedOnToolsVersion = 8.3.3;
						DevelopmentTeam = 7W4WD76H87;
						ProvisioningStyle = Automatic;
					};
				};
			};
			buildConfigurationList = 530B338C1F67C0000098C31F /* Build configuration list for PBXProject "RainbowTabs" */;
			compatibilityVersion = "Xcode 3.2";
			developmentRegion = English;
			hasScannedForEncodings = 0;
			knownRegions = (
				en,
				Base,
			);
			mainGroup = 530B33881F67C0000098C31F;
			productRefGroup = 530B33921F67C0000098C31F /* Products */;
			projectDirPath = "";
			projectRoot = "";
			targets = (
				530B33901F67C0000098C31F /* RainbowTabs */,
			);
		};
/* End PBXProject section */

/* Begin PBXResourcesBuildPhase section */
		530B338F1F67C0000098C31F /* Resources */ = {
			isa = PBXResourcesBuildPhase;
			buildActionMask = 2147483647;
			files = (
				530B339F1F67C0000098C31F /* LaunchScreen.storyboard in Resources */,
				530B339C1F67C0000098C31F /* Assets.xcassets in Resources */,
				530B339A1F67C0000098C31F /* Main.storyboard in Resources */,
			);
			runOnlyForDeploymentPostprocessing = 0;
		};
/* End PBXResourcesBuildPhase section */

/* Begin PBXSourcesBuildPhase section */
		530B338D1F67C0000098C31F /* Sources */ = {
			isa = PBXSourcesBuildPhase;
			buildActionMask = 2147483647;
			files = (
				530B33A91F67C4610098C31F /* GreenViewController.swift in Sources */,
				530B33971F67C0000098C31F /* RedViewController.swift in Sources */,
				530B33951F67C0000098C31F /* AppDelegate.swift in Sources */,
				530B33A71F67C4310098C31F /* OrangeViewController.swift in Sources */,
				530B33AD1F67C48D0098C31F /* BlueViewController.swift in Sources */,
				530B33AB1F67C4750098C31F /* YellowViewController.swift in Sources */,
			);
			runOnlyForDeploymentPostprocessing = 0;
		};
/* End PBXSourcesBuildPhase section */

/* Begin PBXVariantGroup section */
		530B33981F67C0000098C31F /* Main.storyboard */ = {
			isa = PBXVariantGroup;
			children = (
				530B33991F67C0000098C31F /* Base */,
			);
			name = Main.storyboard;
			sourceTree = "<group>";
		};
		530B339D1F67C0000098C31F /* LaunchScreen.storyboard */ = {
			isa = PBXVariantGroup;
			children = (
				530B339E1F67C0000098C31F /* Base */,
			);
			name = LaunchScreen.storyboard;
			sourceTree = "<group>";
		};
/* End PBXVariantGroup section */

/* Begin XCBuildConfiguration section */
		530B33A11F67C0000098C31F /* Debug */ = {
			isa = XCBuildConfiguration;
			buildSettings = {
				ALWAYS_SEARCH_USER_PATHS = NO;
				CLANG_ANALYZER_NONNULL = YES;
				CLANG_ANALYZER_NUMBER_OBJECT_CONVERSION = YES_AGGRESSIVE;
				CLANG_CXX_LANGUAGE_STANDARD = "gnu++0x";
				CLANG_CXX_LIBRARY = "libc++";
				CLANG_ENABLE_MODULES = YES;
				CLANG_ENABLE_OBJC_ARC = YES;
				CLANG_WARN_BOOL_CONVERSION = YES;
				CLANG_WARN_CONSTANT_CONVERSION = YES;
				CLANG_WARN_DIRECT_OBJC_ISA_USAGE = YES_ERROR;
				CLANG_WARN_DOCUMENTATION_COMMENTS = YES;
				CLANG_WARN_EMPTY_BODY = YES;
				CLANG_WARN_ENUM_CONVERSION = YES;
				CLANG_WARN_INFINITE_RECURSION = YES;
				CLANG_WARN_INT_CONVERSION = YES;
				CLANG_WARN_OBJC_ROOT_CLASS = YES_ERROR;
				CLANG_WARN_SUSPICIOUS_MOVE = YES;
				CLANG_WARN_UNREACHABLE_CODE = YES;
				CLANG_WARN__DUPLICATE_METHOD_MATCH = YES;
				"CODE_SIGN_IDENTITY[sdk=iphoneos*]" = "iPhone Developer";
				COPY_PHASE_STRIP = NO;
				DEBUG_INFORMATION_FORMAT = dwarf;
				ENABLE_STRICT_OBJC_MSGSEND = YES;
				ENABLE_TESTABILITY = YES;
				GCC_C_LANGUAGE_STANDARD = gnu99;
				GCC_DYNAMIC_NO_PIC = NO;
				GCC_NO_COMMON_BLOCKS = YES;
				GCC_OPTIMIZATION_LEVEL = 0;
				GCC_PREPROCESSOR_DEFINITIONS = (
					"DEBUG=1",
					"$(inherited)",
				);
				GCC_WARN_64_TO_32_BIT_CONVERSION = YES;
				GCC_WARN_ABOUT_RETURN_TYPE = YES_ERROR;
				GCC_WARN_UNDECLARED_SELECTOR = YES;
				GCC_WARN_UNINITIALIZED_AUTOS = YES_AGGRESSIVE;
				GCC_WARN_UNUSED_FUNCTION = YES;
				GCC_WARN_UNUSED_VARIABLE = YES;
				IPHONEOS_DEPLOYMENT_TARGET = 10.3;
				MTL_ENABLE_DEBUG_INFO = YES;
				ONLY_ACTIVE_ARCH = YES;
				SDKROOT = iphoneos;
				SWIFT_ACTIVE_COMPILATION_CONDITIONS = DEBUG;
				SWIFT_OPTIMIZATION_LEVEL = "-Onone";
				TARGETED_DEVICE_FAMILY = "1,2";
			};
			name = Debug;
		};
		530B33A21F67C0000098C31F /* Release */ = {
			isa = XCBuildConfiguration;
			buildSettings = {
				ALWAYS_SEARCH_USER_PATHS = NO;
				CLANG_ANALYZER_NONNULL = YES;
				CLANG_ANALYZER_NUMBER_OBJECT_CONVERSION = YES_AGGRESSIVE;
				CLANG_CXX_LANGUAGE_STANDARD = "gnu++0x";
				CLANG_CXX_LIBRARY = "libc++";
				CLANG_ENABLE_MODULES = YES;
				CLANG_ENABLE_OBJC_ARC = YES;
				CLANG_WARN_BOOL_CONVERSION = YES;
				CLANG_WARN_CONSTANT_CONVERSION = YES;
				CLANG_WARN_DIRECT_OBJC_ISA_USAGE = YES_ERROR;
				CLANG_WARN_DOCUMENTATION_COMMENTS = YES;
				CLANG_WARN_EMPTY_BODY = YES;
				CLANG_WARN_ENUM_CONVERSION = YES;
				CLANG_WARN_INFINITE_RECURSION = YES;
				CLANG_WARN_INT_CONVERSION = YES;
				CLANG_WARN_OBJC_ROOT_CLASS = YES_ERROR;
				CLANG_WARN_SUSPICIOUS_MOVE = YES;
				CLANG_WARN_UNREACHABLE_CODE = YES;
				CLANG_WARN__DUPLICATE_METHOD_MATCH = YES;
				"CODE_SIGN_IDENTITY[sdk=iphoneos*]" = "iPhone Developer";
				COPY_PHASE_STRIP = NO;
				DEBUG_INFORMATION_FORMAT = "dwarf-with-dsym";
				ENABLE_NS_ASSERTIONS = NO;
				ENABLE_STRICT_OBJC_MSGSEND = YES;
				GCC_C_LANGUAGE_STANDARD = gnu99;
				GCC_NO_COMMON_BLOCKS = YES;
				GCC_WARN_64_TO_32_BIT_CONVERSION = YES;
				GCC_WARN_ABOUT_RETURN_TYPE = YES_ERROR;
				GCC_WARN_UNDECLARED_SELECTOR = YES;
				GCC_WARN_UNINITIALIZED_AUTOS = YES_AGGRESSIVE;
				GCC_WARN_UNUSED_FUNCTION = YES;
				GCC_WARN_UNUSED_VARIABLE = YES;
				IPHONEOS_DEPLOYMENT_TARGET = 10.3;
				MTL_ENABLE_DEBUG_INFO = NO;
				SDKROOT = iphoneos;
				SWIFT_OPTIMIZATION_LEVEL = "-Owholemodule";
				TARGETED_DEVICE_FAMILY = "1,2";
				VALIDATE_PRODUCT = YES;
			};
			name = Release;
		};
		530B33A41F67C0000098C31F /* Debug */ = {
			isa = XCBuildConfiguration;
			buildSettings = {
				ASSETCATALOG_COMPILER_APPICON_NAME = AppIcon;
				DEVELOPMENT_TEAM = 7W4WD76H87;
				INFOPLIST_FILE = RainbowTabs/Info.plist;
				LD_RUNPATH_SEARCH_PATHS = "$(inherited) @executable_path/Frameworks";
				PRODUCT_BUNDLE_IDENTIFIER = goranbrl.RainbowTabs;
				PRODUCT_NAME = "$(TARGET_NAME)";
				SWIFT_VERSION = 3.0;
			};
			name = Debug;
		};
		530B33A51F67C0000098C31F /* Release */ = {
			isa = XCBuildConfiguration;
			buildSettings = {
				ASSETCATALOG_COMPILER_APPICON_NAME = AppIcon;
				DEVELOPMENT_TEAM = 7W4WD76H87;
				INFOPLIST_FILE = RainbowTabs/Info.plist;
				LD_RUNPATH_SEARCH_PATHS = "$(inherited) @executable_path/Frameworks";
				PRODUCT_BUNDLE_IDENTIFIER = goranbrl.RainbowTabs;
				PRODUCT_NAME = "$(TARGET_NAME)";
				SWIFT_VERSION = 3.0;
			};
			name = Release;
		};
/* End XCBuildConfiguration section */

/* Begin XCConfigurationList section */
		530B338C1F67C0000098C31F /* Build configuration list for PBXProject "RainbowTabs" */ = {
			isa = XCConfigurationList;
			buildConfigurations = (
				530B33A11F67C0000098C31F /* Debug */,
				530B33A21F67C0000098C31F /* Release */,
			);
			defaultConfigurationIsVisible = 0;
			defaultConfigurationName = Release;
		};
		530B33A31F67C0000098C31F /* Build configuration list for PBXNativeTarget "RainbowTabs" */ = {
			isa = XCConfigurationList;
			buildConfigurations = (
				530B33A41F67C0000098C31F /* Debug */,
				530B33A51F67C0000098C31F /* Release */,
			);
			defaultConfigurationIsVisible = 0;
		};
/* End XCConfigurationList section */
	};
	rootObject = 530B33891F67C0000098C31F /* Project object */;
}
