// !$*UTF8*$!
{
	archiveVersion = 1;
	classes = {
	};
	objectVersion = 46;
	objects = {

/* Begin PBXBuildFile section */
		537FA4511E54A2A000E00568 /* AppDelegate.swift in Sources */ = {isa = PBXBuildFile; fileRef = 537FA4501E54A2A000E00568 /* AppDelegate.swift */; };
		537FA4531E54A2A000E00568 /* ViewController.swift in Sources */ = {isa = PBXBuildFile; fileRef = 537FA4521E54A2A000E00568 /* ViewController.swift */; };
		537FA4561E54A2A000E00568 /* Main.storyboard in Resources */ = {isa = PBXBuildFile; fileRef = 537FA4541E54A2A000E00568 /* Main.storyboard */; };
		537FA4581E54A2A000E00568 /* Assets.xcassets in Resources */ = {isa = PBXBuildFile; fileRef = 537FA4571E54A2A000E00568 /* Assets.xcassets */; };
		537FA45B1E54A2A000E00568 /* LaunchScreen.storyboard in Resources */ = {isa = PBXBuildFile; fileRef = 537FA4591E54A2A000E00568 /* LaunchScreen.storyboard */; };
		537FA4641E560ECD00E00568 /* CalculatorBrain.swift in Sources */ = {isa = PBXBuildFile; fileRef = 537FA4631E560ECD00E00568 /* CalculatorBrain.swift */; };
/* End PBXBuildFile section */

/* Begin PBXFileReference section */
		537FA44D1E54A2A000E00568 /* Calculator.app */ = {isa = PBXFileReference; explicitFileType = wrapper.application; includeInIndex = 0; path = Calculator.app; sourceTree = BUILT_PRODUCTS_DIR; };
		537FA4501E54A2A000E00568 /* AppDelegate.swift */ = {isa = PBXFileReference; lastKnownFileType = sourcecode.swift; path = AppDelegate.swift; sourceTree = "<group>"; };
		537FA4521E54A2A000E00568 /* ViewController.swift */ = {isa = PBXFileReference; lastKnownFileType = sourcecode.swift; path = ViewController.swift; sourceTree = "<group>"; };
		537FA4551E54A2A000E00568 /* Base */ = {isa = PBXFileReference; lastKnownFileType = file.storyboard; name = Base; path = Base.lproj/Main.storyboard; sourceTree = "<group>"; };
		537FA4571E54A2A000E00568 /* Assets.xcassets */ = {isa = PBXFileReference; lastKnownFileType = folder.assetcatalog; path = Assets.xcassets; sourceTree = "<group>"; };
		537FA45A1E54A2A000E00568 /* Base */ = {isa = PBXFileReference; lastKnownFileType = file.storyboard; name = Base; path = Base.lproj/LaunchScreen.storyboard; sourceTree = "<group>"; };
		537FA45C1E54A2A000E00568 /* Info.plist */ = {isa = PBXFileReference; lastKnownFileType = text.plist.xml; path = Info.plist; sourceTree = "<group>"; };
		537FA4631E560ECD00E00568 /* CalculatorBrain.swift */ = {isa = PBXFileReference; fileEncoding = 4; lastKnownFileType = sourcecode.swift; path = CalculatorBrain.swift; sourceTree = "<group>"; };
/* End PBXFileReference section */

/* Begin PBXFrameworksBuildPhase section */
		537FA44A1E54A2A000E00568 /* Frameworks */ = {
			isa = PBXFrameworksBuildPhase;
			buildActionMask = 2147483647;
			files = (
			);
			runOnlyForDeploymentPostprocessing = 0;
		};
/* End PBXFrameworksBuildPhase section */

/* Begin PBXGroup section */
		537FA4441E54A2A000E00568 = {
			isa = PBXGroup;
			children = (
				537FA44F1E54A2A000E00568 /* Calculator */,
				537FA44E1E54A2A000E00568 /* Products */,
			);
			sourceTree = "<group>";
		};
		537FA44E1E54A2A000E00568 /* Products */ = {
			isa = PBXGroup;
			children = (
				537FA44D1E54A2A000E00568 /* Calculator.app */,
			);
			name = Products;
			sourceTree = "<group>";
		};
		537FA44F1E54A2A000E00568 /* Calculator */ = {
			isa = PBXGroup;
			children = (
				537FA4621E54A46F00E00568 /* Supporting Files */,
				537FA4521E54A2A000E00568 /* ViewController.swift */,
				537FA4541E54A2A000E00568 /* Main.storyboard */,
				537FA4631E560ECD00E00568 /* CalculatorBrain.swift */,
			);
			path = Calculator;
			sourceTree = "<group>";
		};
		537FA4621E54A46F00E00568 /* Supporting Files */ = {
			isa = PBXGroup;
			children = (
				537FA4501E54A2A000E00568 /* AppDelegate.swift */,
				537FA4571E54A2A000E00568 /* Assets.xcassets */,
				537FA4591E54A2A000E00568 /* LaunchScreen.storyboard */,
				537FA45C1E54A2A000E00568 /* Info.plist */,
			);
			name = "Supporting Files";
			sourceTree = "<group>";
		};
/* End PBXGroup section */

/* Begin PBXNativeTarget section */
		537FA44C1E54A2A000E00568 /* Calculator */ = {
			isa = PBXNativeTarget;
			buildConfigurationList = 537FA45F1E54A2A000E00568 /* Build configuration list for PBXNativeTarget "Calculator" */;
			buildPhases = (
				537FA4491E54A2A000E00568 /* Sources */,
				537FA44A1E54A2A000E00568 /* Frameworks */,
				537FA44B1E54A2A000E00568 /* Resources */,
			);
			buildRules = (
			);
			dependencies = (
			);
			name = Calculator;
			productName = Calculator;
			productReference = 537FA44D1E54A2A000E00568 /* Calculator.app */;
			productType = "com.apple.product-type.application";
		};
/* End PBXNativeTarget section */

/* Begin PBXProject section */
		537FA4451E54A2A000E00568 /* Project object */ = {
			isa = PBXProject;
			attributes = {
				LastSwiftUpdateCheck = 0820;
				LastUpgradeCheck = 0820;
				ORGANIZATIONNAME = "Goran Brlas";
				TargetAttributes = {
					537FA44C1E54A2A000E00568 = {
						CreatedOnToolsVersion = 8.2.1;
						DevelopmentTeam = 7W4WD76H87;
						ProvisioningStyle = Automatic;
					};
				};
			};
			buildConfigurationList = 537FA4481E54A2A000E00568 /* Build configuration list for PBXProject "Calculator" */;
			compatibilityVersion = "Xcode 3.2";
			developmentRegion = English;
			hasScannedForEncodings = 0;
			knownRegions = (
				en,
				Base,
			);
			mainGroup = 537FA4441E54A2A000E00568;
			productRefGroup = 537FA44E1E54A2A000E00568 /* Products */;
			projectDirPath = "";
			projectRoot = "";
			targets = (
				537FA44C1E54A2A000E00568 /* Calculator */,
			);
		};
/* End PBXProject section */

/* Begin PBXResourcesBuildPhase section */
		537FA44B1E54A2A000E00568 /* Resources */ = {
			isa = PBXResourcesBuildPhase;
			buildActionMask = 2147483647;
			files = (
				537FA45B1E54A2A000E00568 /* LaunchScreen.storyboard in Resources */,
				537FA4581E54A2A000E00568 /* Assets.xcassets in Resources */,
				537FA4561E54A2A000E00568 /* Main.storyboard in Resources */,
			);
			runOnlyForDeploymentPostprocessing = 0;
		};
/* End PBXResourcesBuildPhase section */

/* Begin PBXSourcesBuildPhase section */
		537FA4491E54A2A000E00568 /* Sources */ = {
			isa = PBXSourcesBuildPhase;
			buildActionMask = 2147483647;
			files = (
				537FA4641E560ECD00E00568 /* CalculatorBrain.swift in Sources */,
				537FA4531E54A2A000E00568 /* ViewController.swift in Sources */,
				537FA4511E54A2A000E00568 /* AppDelegate.swift in Sources */,
			);
			runOnlyForDeploymentPostprocessing = 0;
		};
/* End PBXSourcesBuildPhase section */

/* Begin PBXVariantGroup section */
		537FA4541E54A2A000E00568 /* Main.storyboard */ = {
			isa = PBXVariantGroup;
			children = (
				537FA4551E54A2A000E00568 /* Base */,
			);
			name = Main.storyboard;
			sourceTree = "<group>";
		};
		537FA4591E54A2A000E00568 /* LaunchScreen.storyboard */ = {
			isa = PBXVariantGroup;
			children = (
				537FA45A1E54A2A000E00568 /* Base */,
			);
			name = LaunchScreen.storyboard;
			sourceTree = "<group>";
		};
/* End PBXVariantGroup section */

/* Begin XCBuildConfiguration section */
		537FA45D1E54A2A000E00568 /* Debug */ = {
			isa = XCBuildConfiguration;
			buildSettings = {
				ALWAYS_SEARCH_USER_PATHS = NO;
				CLANG_ANALYZER_NONNULL = YES;
				CLANG_CXX_LANGUAGE_STANDARD = "gnu++0x";
				CLANG_CXX_LIBRARY = "libc++";
				CLANG_ENABLE_MODULES = YES;
				CLANG_ENABLE_OBJC_ARC = YES;
				CLANG_WARN_BOOL_CONVERSION = YES;
				CLANG_WARN_CONSTANT_CONVERSION = YES;
				CLANG_WARN_DIRECT_OBJC_ISA_USAGE = YES_ERROR;
				CLANG_WARN_DOCUMENTATION_COMMENTS = YES;
				CLANG_WARN_EMPTY_BODY = YES;
				CLANG_WARN_ENUM_CONVERSION = YES;
				CLANG_WARN_INFINITE_RECURSION = YES;
				CLANG_WARN_INT_CONVERSION = YES;
				CLANG_WARN_OBJC_ROOT_CLASS = YES_ERROR;
				CLANG_WARN_SUSPICIOUS_MOVE = YES;
				CLANG_WARN_UNREACHABLE_CODE = YES;
				CLANG_WARN__DUPLICATE_METHOD_MATCH = YES;
				"CODE_SIGN_IDENTITY[sdk=iphoneos*]" = "iPhone Developer";
				COPY_PHASE_STRIP = NO;
				DEBUG_INFORMATION_FORMAT = dwarf;
				ENABLE_STRICT_OBJC_MSGSEND = YES;
				ENABLE_TESTABILITY = YES;
				GCC_C_LANGUAGE_STANDARD = gnu99;
				GCC_DYNAMIC_NO_PIC = NO;
				GCC_NO_COMMON_BLOCKS = YES;
				GCC_OPTIMIZATION_LEVEL = 0;
				GCC_PREPROCESSOR_DEFINITIONS = (
					"DEBUG=1",
					"$(inherited)",
				);
				GCC_WARN_64_TO_32_BIT_CONVERSION = YES;
				GCC_WARN_ABOUT_RETURN_TYPE = YES_ERROR;
				GCC_WARN_UNDECLARED_SELECTOR = YES;
				GCC_WARN_UNINITIALIZED_AUTOS = YES_AGGRESSIVE;
				GCC_WARN_UNUSED_FUNCTION = YES;
				GCC_WARN_UNUSED_VARIABLE = YES;
				IPHONEOS_DEPLOYMENT_TARGET = 10.2;
				MTL_ENABLE_DEBUG_INFO = YES;
				ONLY_ACTIVE_ARCH = YES;
				SDKROOT = iphoneos;
				SWIFT_ACTIVE_COMPILATION_CONDITIONS = DEBUG;
				SWIFT_OPTIMIZATION_LEVEL = "-Onone";
				TARGETED_DEVICE_FAMILY = "1,2";
			};
			name = Debug;
		};
		537FA45E1E54A2A000E00568 /* Release */ = {
			isa = XCBuildConfiguration;
			buildSettings = {
				ALWAYS_SEARCH_USER_PATHS = NO;
				CLANG_ANALYZER_NONNULL = YES;
				CLANG_CXX_LANGUAGE_STANDARD = "gnu++0x";
				CLANG_CXX_LIBRARY = "libc++";
				CLANG_ENABLE_MODULES = YES;
				CLANG_ENABLE_OBJC_ARC = YES;
				CLANG_WARN_BOOL_CONVERSION = YES;
				CLANG_WARN_CONSTANT_CONVERSION = YES;
				CLANG_WARN_DIRECT_OBJC_ISA_USAGE = YES_ERROR;
				CLANG_WARN_DOCUMENTATION_COMMENTS = YES;
				CLANG_WARN_EMPTY_BODY = YES;
				CLANG_WARN_ENUM_CONVERSION = YES;
				CLANG_WARN_INFINITE_RECURSION = YES;
				CLANG_WARN_INT_CONVERSION = YES;
				CLANG_WARN_OBJC_ROOT_CLASS = YES_ERROR;
				CLANG_WARN_SUSPICIOUS_MOVE = YES;
				CLANG_WARN_UNREACHABLE_CODE = YES;
				CLANG_WARN__DUPLICATE_METHOD_MATCH = YES;
				"CODE_SIGN_IDENTITY[sdk=iphoneos*]" = "iPhone Developer";
				COPY_PHASE_STRIP = NO;
				DEBUG_INFORMATION_FORMAT = "dwarf-with-dsym";
				ENABLE_NS_ASSERTIONS = NO;
				ENABLE_STRICT_OBJC_MSGSEND = YES;
				GCC_C_LANGUAGE_STANDARD = gnu99;
				GCC_NO_COMMON_BLOCKS = YES;
				GCC_WARN_64_TO_32_BIT_CONVERSION = YES;
				GCC_WARN_ABOUT_RETURN_TYPE = YES_ERROR;
				GCC_WARN_UNDECLARED_SELECTOR = YES;
				GCC_WARN_UNINITIALIZED_AUTOS = YES_AGGRESSIVE;
				GCC_WARN_UNUSED_FUNCTION = YES;
				GCC_WARN_UNUSED_VARIABLE = YES;
				IPHONEOS_DEPLOYMENT_TARGET = 10.2;
				MTL_ENABLE_DEBUG_INFO = NO;
				SDKROOT = iphoneos;
				SWIFT_OPTIMIZATION_LEVEL = "-Owholemodule";
				TARGETED_DEVICE_FAMILY = "1,2";
				VALIDATE_PRODUCT = YES;
			};
			name = Release;
		};
		537FA4601E54A2A000E00568 /* Debug */ = {
			isa = XCBuildConfiguration;
			buildSettings = {
				ASSETCATALOG_COMPILER_APPICON_NAME = AppIcon;
				DEVELOPMENT_TEAM = 7W4WD76H87;
				INFOPLIST_FILE = Calculator/Info.plist;
				LD_RUNPATH_SEARCH_PATHS = "$(inherited) @executable_path/Frameworks";
				PRODUCT_BUNDLE_IDENTIFIER = goranbrl.Calculator;
				PRODUCT_NAME = "$(TARGET_NAME)";
				SWIFT_VERSION = 3.0;
			};
			name = Debug;
		};
		537FA4611E54A2A000E00568 /* Release */ = {
			isa = XCBuildConfiguration;
			buildSettings = {
				ASSETCATALOG_COMPILER_APPICON_NAME = AppIcon;
				DEVELOPMENT_TEAM = 7W4WD76H87;
				INFOPLIST_FILE = Calculator/Info.plist;
				LD_RUNPATH_SEARCH_PATHS = "$(inherited) @executable_path/Frameworks";
				PRODUCT_BUNDLE_IDENTIFIER = goranbrl.Calculator;
				PRODUCT_NAME = "$(TARGET_NAME)";
				SWIFT_VERSION = 3.0;
			};
			name = Release;
		};
/* End XCBuildConfiguration section */

/* Begin XCConfigurationList section */
		537FA4481E54A2A000E00568 /* Build configuration list for PBXProject "Calculator" */ = {
			isa = XCConfigurationList;
			buildConfigurations = (
				537FA45D1E54A2A000E00568 /* Debug */,
				537FA45E1E54A2A000E00568 /* Release */,
			);
			defaultConfigurationIsVisible = 0;
			defaultConfigurationName = Release;
		};
		537FA45F1E54A2A000E00568 /* Build configuration list for PBXNativeTarget "Calculator" */ = {
			isa = XCConfigurationList;
			buildConfigurations = (
				537FA4601E54A2A000E00568 /* Debug */,
				537FA4611E54A2A000E00568 /* Release */,
			);
			defaultConfigurationIsVisible = 0;
			defaultConfigurationName = Release;
		};
/* End XCConfigurationList section */
	};
	rootObject = 537FA4451E54A2A000E00568 /* Project object */;
}
